
Microsoft Visual Studio Solution File, Format Version 10.00
# Visual Studio 2008
Project("{FAE04EC0-301F-11D3-BF4B-00C04F79EFBC}") = "DB2-Project-ConsoleApp", "DB2-Project-ConsoleApp\DB2-Project-ConsoleApp.csproj", "{DE82A451-3167-486F-82A6-32559A4DC361}"
EndProject
Project("{FAE04EC0-301F-11D3-BF4B-00C04F79EFBC}") = "DB2-Project", "..\DB2-Project\DB2-Project\DB2-Project.csproj", "{7737A752-43E3-4236-8777-728348E0A81B}"
EndProject
Project("{FAE04EC0-301F-11D3-BF4B-00C04F79EFBC}") = "APITest", "APITest\APITest.csproj", "{19C95B39-8F4D-4346-A548-A50354041AA6}"
EndProject
Project("{2150E333-8FDC-42A3-9474-1A3956D46DE8}") = "Solution Items", "Solution Items", "{02C45BA7-D2BF-44DC-BE9A-4E50493925B3}"
	ProjectSection(SolutionItems) = preProject
		DB2-Project-ConsoleApp.vsmdi = DB2-Project-ConsoleApp.vsmdi
		LocalTestRun.testrunconfig = LocalTestRun.testrunconfig
	EndProjectSection
EndProject
Global
	GlobalSection(TestCaseManagementSettings) = postSolution
		CategoryFile = DB2-Project-ConsoleApp.vsmdi
	EndGlobalSection
	GlobalSection(SolutionConfigurationPlatforms) = preSolution
		Debug|Any CPU = Debug|Any CPU
		Release|Any CPU = Release|Any CPU
	EndGlobalSection
	GlobalSection(ProjectConfigurationPlatforms) = postSolution
		{DE82A451-3167-486F-82A6-32559A4DC361}.Debug|Any CPU.ActiveCfg = Debug|Any CPU
		{DE82A451-3167-486F-82A6-32559A4DC361}.Debug|Any CPU.Build.0 = Debug|Any CPU
		{DE82A451-3167-486F-82A6-32559A4DC361}.Release|Any CPU.ActiveCfg = Release|Any CPU
		{DE82A451-3167-486F-82A6-32559A4DC361}.Release|Any CPU.Build.0 = Release|Any CPU
		{7737A752-43E3-4236-8777-728348E0A81B}.Debug|Any CPU.ActiveCfg = Debug|Any CPU
		{7737A752-43E3-4236-8777-728348E0A81B}.Debug|Any CPU.Build.0 = Debug|Any CPU
		{7737A752-43E3-4236-8777-728348E0A81B}.Debug|Any CPU.Deploy.0 = Debug|Any CPU
		{7737A752-43E3-4236-8777-728348E0A81B}.Release|Any CPU.ActiveCfg = Release|Any CPU
		{7737A752-43E3-4236-8777-728348E0A81B}.Release|Any CPU.Build.0 = Release|Any CPU
		{7737A752-43E3-4236-8777-728348E0A81B}.Release|Any CPU.Deploy.0 = Release|Any CPU
		{19C95B39-8F4D-4346-A548-A50354041AA6}.Debug|Any CPU.ActiveCfg = Debug|Any CPU
		{19C95B39-8F4D-4346-A548-A50354041AA6}.Debug|Any CPU.Build.0 = Debug|Any CPU
		{19C95B39-8F4D-4346-A548-A50354041AA6}.Release|Any CPU.ActiveCfg = Release|Any CPU
		{19C95B39-8F4D-4346-A548-A50354041AA6}.Release|Any CPU.Build.0 = Release|Any CPU
	EndGlobalSection
	GlobalSection(SolutionProperties) = preSolution
		HideSolutionNode = FALSE
	EndGlobalSection
EndGlobal
